
Microsoft Visual Studio Solution File, Format Version 12.00
Project("{FAE04EC0-301F-11D3-BF4B-00C04F79EFBC}") = "Zupit.VersionEndpoint", "Zupit.VersionEndpoint\Zupit.VersionEndpoint.csproj", "{66278BB8-9CC0-4B84-89FA-9D03EBF2449F}"
EndProject
Project("{FAE04EC0-301F-11D3-BF4B-00C04F79EFBC}") = "Zupit.VersionEndpoint.TestApp", "Zupit.VersionEndpoint.TestApp\Zupit.VersionEndpoint.TestApp.csproj", "{F9AF1980-0A3A-4FA0-8337-1950BCF0D34C}"
EndProject
Project("{FAE04EC0-301F-11D3-BF4B-00C04F79EFBC}") = "Zupit.VersionEndpoint.Tests", "Zupit.VersionEndpoint.Tests\Zupit.VersionEndpoint.Tests.csproj", "{B6033ACB-A106-488F-94E5-FC5F72E5610D}"
EndProject
Global
	GlobalSection(SolutionConfigurationPlatforms) = preSolution
		Debug|Any CPU = Debug|Any CPU
		Release|Any CPU = Release|Any CPU
	EndGlobalSection
	GlobalSection(ProjectConfigurationPlatforms) = postSolution
		{66278BB8-9CC0-4B84-89FA-9D03EBF2449F}.Debug|Any CPU.ActiveCfg = Debug|Any CPU
		{66278BB8-9CC0-4B84-89FA-9D03EBF2449F}.Debug|Any CPU.Build.0 = Debug|Any CPU
		{66278BB8-9CC0-4B84-89FA-9D03EBF2449F}.Release|Any CPU.ActiveCfg = Release|Any CPU
		{66278BB8-9CC0-4B84-89FA-9D03EBF2449F}.Release|Any CPU.Build.0 = Release|Any CPU
		{F9AF1980-0A3A-4FA0-8337-1950BCF0D34C}.Debug|Any CPU.ActiveCfg = Debug|Any CPU
		{F9AF1980-0A3A-4FA0-8337-1950BCF0D34C}.Debug|Any CPU.Build.0 = Debug|Any CPU
		{F9AF1980-0A3A-4FA0-8337-1950BCF0D34C}.Release|Any CPU.ActiveCfg = Release|Any CPU
		{F9AF1980-0A3A-4FA0-8337-1950BCF0D34C}.Release|Any CPU.Build.0 = Release|Any CPU
		{B6033ACB-A106-488F-94E5-FC5F72E5610D}.Debug|Any CPU.ActiveCfg = Debug|Any CPU
		{B6033ACB-A106-488F-94E5-FC5F72E5610D}.Debug|Any CPU.Build.0 = Debug|Any CPU
		{B6033ACB-A106-488F-94E5-FC5F72E5610D}.Release|Any CPU.ActiveCfg = Release|Any CPU
		{B6033ACB-A106-488F-94E5-FC5F72E5610D}.Release|Any CPU.Build.0 = Release|Any CPU
	EndGlobalSection
EndGlobal
