
Microsoft Visual Studio Solution File, Format Version 12.00
Project("{FAE04EC0-301F-11D3-BF4B-00C04F79EFBC}") = "Zupit.VersionEndpoint", "Zupit.VersionEndpoint\Zupit.VersionEndpoint.csproj", "{39181597-C782-4722-A6D6-CFF15A8E3458}"
EndProject
Project("{2150E333-8FDC-42A3-9474-1A3956D46DE8}") = "VersionEndpoint", "VersionEndpoint", "{AAF352DC-9F80-4062-B719-B626F421017E}"
EndProject
Project("{FAE04EC0-301F-11D3-BF4B-00C04F79EFBC}") = "Zupit.VersionEndpoint.Tests", "Zupit.VersionEndpoint.Tests\Zupit.VersionEndpoint.Tests.csproj", "{28B19A67-88AF-43E1-939D-0B6F0DC7163B}"
EndProject
Project("{FAE04EC0-301F-11D3-BF4B-00C04F79EFBC}") = "Zupit.VersionEndpoint.TestApp", "Zupit.VersionEndpoint.TestApp\Zupit.VersionEndpoint.TestApp.csproj", "{BF03B32D-12BD-4086-857D-579B634CC537}"
EndProject
Global
	GlobalSection(SolutionConfigurationPlatforms) = preSolution
		Debug|Any CPU = Debug|Any CPU
		Release|Any CPU = Release|Any CPU
	EndGlobalSection
	GlobalSection(ProjectConfigurationPlatforms) = postSolution
		{39181597-C782-4722-A6D6-CFF15A8E3458}.Debug|Any CPU.ActiveCfg = Debug|Any CPU
		{39181597-C782-4722-A6D6-CFF15A8E3458}.Debug|Any CPU.Build.0 = Debug|Any CPU
		{39181597-C782-4722-A6D6-CFF15A8E3458}.Release|Any CPU.ActiveCfg = Release|Any CPU
		{39181597-C782-4722-A6D6-CFF15A8E3458}.Release|Any CPU.Build.0 = Release|Any CPU
		{28B19A67-88AF-43E1-939D-0B6F0DC7163B}.Debug|Any CPU.ActiveCfg = Debug|Any CPU
		{28B19A67-88AF-43E1-939D-0B6F0DC7163B}.Debug|Any CPU.Build.0 = Debug|Any CPU
		{28B19A67-88AF-43E1-939D-0B6F0DC7163B}.Release|Any CPU.ActiveCfg = Release|Any CPU
		{28B19A67-88AF-43E1-939D-0B6F0DC7163B}.Release|Any CPU.Build.0 = Release|Any CPU
		{BF03B32D-12BD-4086-857D-579B634CC537}.Debug|Any CPU.ActiveCfg = Debug|Any CPU
		{BF03B32D-12BD-4086-857D-579B634CC537}.Debug|Any CPU.Build.0 = Debug|Any CPU
		{BF03B32D-12BD-4086-857D-579B634CC537}.Release|Any CPU.ActiveCfg = Release|Any CPU
		{BF03B32D-12BD-4086-857D-579B634CC537}.Release|Any CPU.Build.0 = Release|Any CPU
	EndGlobalSection
	GlobalSection(NestedProjects) = preSolution
		{39181597-C782-4722-A6D6-CFF15A8E3458} = {AAF352DC-9F80-4062-B719-B626F421017E}
		{28B19A67-88AF-43E1-939D-0B6F0DC7163B} = {AAF352DC-9F80-4062-B719-B626F421017E}
		{BF03B32D-12BD-4086-857D-579B634CC537} = {AAF352DC-9F80-4062-B719-B626F421017E}
	EndGlobalSection
EndGlobal
